
Microsoft Visual Studio Solution File, Format Version 12.00
# Visual Studio Version 17
VisualStudioVersion = 17.8.34525.116
MinimumVisualStudioVersion = 10.0.40219.1
Project("{F2A71F9B-5D33-465A-A702-920D77279786}") = "DesafioDevEficiente", "DesafioDevEficiente\DesafioDevEficiente.fsproj", "{6BD13714-6A5A-4B9E-9A4E-D15812BFF0EF}"
EndProject
Global
	GlobalSection(SolutionConfigurationPlatforms) = preSolution
		Debug|Any CPU = Debug|Any CPU
		Release|Any CPU = Release|Any CPU
	EndGlobalSection
	GlobalSection(ProjectConfigurationPlatforms) = postSolution
		{6BD13714-6A5A-4B9E-9A4E-D15812BFF0EF}.Debug|Any CPU.ActiveCfg = Debug|Any CPU
		{6BD13714-6A5A-4B9E-9A4E-D15812BFF0EF}.Debug|Any CPU.Build.0 = Debug|Any CPU
		{6BD13714-6A5A-4B9E-9A4E-D15812BFF0EF}.Release|Any CPU.ActiveCfg = Release|Any CPU
		{6BD13714-6A5A-4B9E-9A4E-D15812BFF0EF}.Release|Any CPU.Build.0 = Release|Any CPU
	EndGlobalSection
	GlobalSection(SolutionProperties) = preSolution
		HideSolutionNode = FALSE
	EndGlobalSection
	GlobalSection(ExtensibilityGlobals) = postSolution
		SolutionGuid = {66F13612-C305-4E25-9B30-3967ABDB4207}
	EndGlobalSection
EndGlobal
